// !$*UTF8*$!
{
	archiveVersion = 1;
	classes = {
	};
	objectVersion = 46;
	objects = {

/* Begin PBXBuildFile section */
		3ACC211F81851F8D19956052 /* Pods_complicationsapp.framework in Frameworks */ = {isa = PBXBuildFile; fileRef = 310EEA4ADDA67BDFE3B8E737 /* Pods_complicationsapp.framework */; };
		5D09D62DCD4F64AE041394E0 /* Pods_complicationsappTests.framework in Frameworks */ = {isa = PBXBuildFile; fileRef = F709D4958E2086DC50D2D6EE /* Pods_complicationsappTests.framework */; };
		843371B21CFF7473003E1FBA /* SessionData.swift in Sources */ = {isa = PBXBuildFile; fileRef = 843371B11CFF7473003E1FBA /* SessionData.swift */; };
		843371B41CFF8D76003E1FBA /* ComplicationHistoryCollectionViewController.swift in Sources */ = {isa = PBXBuildFile; fileRef = 843371B31CFF8D76003E1FBA /* ComplicationHistoryCollectionViewController.swift */; };
		843371B81CFFABF1003E1FBA /* ComplicationHistoryCollectionViewCell.swift in Sources */ = {isa = PBXBuildFile; fileRef = 843371B71CFFABF1003E1FBA /* ComplicationHistoryCollectionViewCell.swift */; };
		8474D0591CF636F400374E69 /* ComplicationsCollectionViewCell.swift in Sources */ = {isa = PBXBuildFile; fileRef = 8474D0581CF636F400374E69 /* ComplicationsCollectionViewCell.swift */; };
		8474D05C1CF6512B00374E69 /* Complications.swift in Sources */ = {isa = PBXBuildFile; fileRef = 8474D05B1CF6512B00374E69 /* Complications.swift */; };
		849CE34C1CF4D13300D9D81E /* AppDelegate.swift in Sources */ = {isa = PBXBuildFile; fileRef = 849CE34B1CF4D13300D9D81E /* AppDelegate.swift */; };
		849CE34E1CF4D13300D9D81E /* MRNViewController.swift in Sources */ = {isa = PBXBuildFile; fileRef = 849CE34D1CF4D13300D9D81E /* MRNViewController.swift */; };
		849CE3511CF4D13300D9D81E /* Main.storyboard in Resources */ = {isa = PBXBuildFile; fileRef = 849CE34F1CF4D13300D9D81E /* Main.storyboard */; };
		849CE3531CF4D13300D9D81E /* Assets.xcassets in Resources */ = {isa = PBXBuildFile; fileRef = 849CE3521CF4D13300D9D81E /* Assets.xcassets */; };
		849CE3561CF4D13300D9D81E /* LaunchScreen.storyboard in Resources */ = {isa = PBXBuildFile; fileRef = 849CE3541CF4D13300D9D81E /* LaunchScreen.storyboard */; };
		849CE3611CF4D13300D9D81E /* complicationsappTests.swift in Sources */ = {isa = PBXBuildFile; fileRef = 849CE3601CF4D13300D9D81E /* complicationsappTests.swift */; };
		849CE36C1CF4D13300D9D81E /* complicationsappUITests.swift in Sources */ = {isa = PBXBuildFile; fileRef = 849CE36B1CF4D13300D9D81E /* complicationsappUITests.swift */; };
		849CE37A1CF5016600D9D81E /* KeypadButton.swift in Sources */ = {isa = PBXBuildFile; fileRef = 849CE3791CF5016600D9D81E /* KeypadButton.swift */; };
		849CE37C1CF507D200D9D81E /* SimpleKeypadButton.swift in Sources */ = {isa = PBXBuildFile; fileRef = 849CE37B1CF507D200D9D81E /* SimpleKeypadButton.swift */; };
		84CF32E71D05F23A00C36573 /* CalendarViewController.swift in Sources */ = {isa = PBXBuildFile; fileRef = 84CF32E61D05F23A00C36573 /* CalendarViewController.swift */; };
		84D3AB5C1D062AA4001FB757 /* TimeViewController.swift in Sources */ = {isa = PBXBuildFile; fileRef = 84D3AB5B1D062AA4001FB757 /* TimeViewController.swift */; };
		84EA0ADC1CF79EE400AD1748 /* ComplicationsCollectionViewController.swift in Sources */ = {isa = PBXBuildFile; fileRef = 8474D0561CF6343A00374E69 /* ComplicationsCollectionViewController.swift */; };
		84EA0AE01CF8EA9700AD1748 /* NetworkHandler.swift in Sources */ = {isa = PBXBuildFile; fileRef = 84EA0ADF1CF8EA9700AD1748 /* NetworkHandler.swift */; };
		AF66706BC4DDE10658D3B4B9 /* Pods_complicationsappUITests.framework in Frameworks */ = {isa = PBXBuildFile; fileRef = AF47FD61E122979EE09D70E3 /* Pods_complicationsappUITests.framework */; };
/* End PBXBuildFile section */

/* Begin PBXContainerItemProxy section */
		849CE35D1CF4D13300D9D81E /* PBXContainerItemProxy */ = {
			isa = PBXContainerItemProxy;
			containerPortal = 849CE3401CF4D13300D9D81E /* Project object */;
			proxyType = 1;
			remoteGlobalIDString = 849CE3471CF4D13300D9D81E;
			remoteInfo = complicationsapp;
		};
		849CE3681CF4D13300D9D81E /* PBXContainerItemProxy */ = {
			isa = PBXContainerItemProxy;
			containerPortal = 849CE3401CF4D13300D9D81E /* Project object */;
			proxyType = 1;
			remoteGlobalIDString = 849CE3471CF4D13300D9D81E;
			remoteInfo = complicationsapp;
		};
/* End PBXContainerItemProxy section */

/* Begin PBXFileReference section */
		0694AF27A179B89BB043DFB8 /* Pods-complicationsappTests.release.xcconfig */ = {isa = PBXFileReference; includeInIndex = 1; lastKnownFileType = text.xcconfig; name = "Pods-complicationsappTests.release.xcconfig"; path = "Pods/Target Support Files/Pods-complicationsappTests/Pods-complicationsappTests.release.xcconfig"; sourceTree = "<group>"; };
		2304AB8EFFB35951025D194B /* Pods-complicationsappUITests.debug.xcconfig */ = {isa = PBXFileReference; includeInIndex = 1; lastKnownFileType = text.xcconfig; name = "Pods-complicationsappUITests.debug.xcconfig"; path = "Pods/Target Support Files/Pods-complicationsappUITests/Pods-complicationsappUITests.debug.xcconfig"; sourceTree = "<group>"; };
		310EEA4ADDA67BDFE3B8E737 /* Pods_complicationsapp.framework */ = {isa = PBXFileReference; explicitFileType = wrapper.framework; includeInIndex = 0; path = Pods_complicationsapp.framework; sourceTree = BUILT_PRODUCTS_DIR; };
		843371B11CFF7473003E1FBA /* SessionData.swift */ = {isa = PBXFileReference; fileEncoding = 4; lastKnownFileType = sourcecode.swift; path = SessionData.swift; sourceTree = "<group>"; };
		843371B31CFF8D76003E1FBA /* ComplicationHistoryCollectionViewController.swift */ = {isa = PBXFileReference; fileEncoding = 4; lastKnownFileType = sourcecode.swift; path = ComplicationHistoryCollectionViewController.swift; sourceTree = "<group>"; };
		843371B71CFFABF1003E1FBA /* ComplicationHistoryCollectionViewCell.swift */ = {isa = PBXFileReference; fileEncoding = 4; lastKnownFileType = sourcecode.swift; path = ComplicationHistoryCollectionViewCell.swift; sourceTree = "<group>"; };
		8474D0561CF6343A00374E69 /* ComplicationsCollectionViewController.swift */ = {isa = PBXFileReference; fileEncoding = 4; lastKnownFileType = sourcecode.swift; path = ComplicationsCollectionViewController.swift; sourceTree = "<group>"; tabWidth = 4; };
		8474D0581CF636F400374E69 /* ComplicationsCollectionViewCell.swift */ = {isa = PBXFileReference; fileEncoding = 4; lastKnownFileType = sourcecode.swift; path = ComplicationsCollectionViewCell.swift; sourceTree = "<group>"; };
		8474D05B1CF6512B00374E69 /* Complications.swift */ = {isa = PBXFileReference; fileEncoding = 4; lastKnownFileType = sourcecode.swift; path = Complications.swift; sourceTree = "<group>"; };
		849CE3481CF4D13300D9D81E /* complicationsapp.app */ = {isa = PBXFileReference; explicitFileType = wrapper.application; includeInIndex = 0; path = complicationsapp.app; sourceTree = BUILT_PRODUCTS_DIR; };
		849CE34B1CF4D13300D9D81E /* AppDelegate.swift */ = {isa = PBXFileReference; lastKnownFileType = sourcecode.swift; path = AppDelegate.swift; sourceTree = "<group>"; };
		849CE34D1CF4D13300D9D81E /* MRNViewController.swift */ = {isa = PBXFileReference; lastKnownFileType = sourcecode.swift; path = MRNViewController.swift; sourceTree = "<group>"; };
		849CE3501CF4D13300D9D81E /* Base */ = {isa = PBXFileReference; lastKnownFileType = file.storyboard; name = Base; path = Base.lproj/Main.storyboard; sourceTree = "<group>"; };
		849CE3521CF4D13300D9D81E /* Assets.xcassets */ = {isa = PBXFileReference; lastKnownFileType = folder.assetcatalog; path = Assets.xcassets; sourceTree = "<group>"; };
		849CE3551CF4D13300D9D81E /* Base */ = {isa = PBXFileReference; lastKnownFileType = file.storyboard; name = Base; path = Base.lproj/LaunchScreen.storyboard; sourceTree = "<group>"; };
		849CE3571CF4D13300D9D81E /* Info.plist */ = {isa = PBXFileReference; lastKnownFileType = text.plist.xml; path = Info.plist; sourceTree = "<group>"; };
		849CE35C1CF4D13300D9D81E /* complicationsappTests.xctest */ = {isa = PBXFileReference; explicitFileType = wrapper.cfbundle; includeInIndex = 0; path = complicationsappTests.xctest; sourceTree = BUILT_PRODUCTS_DIR; };
		849CE3601CF4D13300D9D81E /* complicationsappTests.swift */ = {isa = PBXFileReference; lastKnownFileType = sourcecode.swift; path = complicationsappTests.swift; sourceTree = "<group>"; };
		849CE3621CF4D13300D9D81E /* Info.plist */ = {isa = PBXFileReference; lastKnownFileType = text.plist.xml; path = Info.plist; sourceTree = "<group>"; };
		849CE3671CF4D13300D9D81E /* complicationsappUITests.xctest */ = {isa = PBXFileReference; explicitFileType = wrapper.cfbundle; includeInIndex = 0; path = complicationsappUITests.xctest; sourceTree = BUILT_PRODUCTS_DIR; };
		849CE36B1CF4D13300D9D81E /* complicationsappUITests.swift */ = {isa = PBXFileReference; lastKnownFileType = sourcecode.swift; path = complicationsappUITests.swift; sourceTree = "<group>"; };
		849CE36D1CF4D13300D9D81E /* Info.plist */ = {isa = PBXFileReference; lastKnownFileType = text.plist.xml; path = Info.plist; sourceTree = "<group>"; };
		849CE3791CF5016600D9D81E /* KeypadButton.swift */ = {isa = PBXFileReference; fileEncoding = 4; lastKnownFileType = sourcecode.swift; path = KeypadButton.swift; sourceTree = "<group>"; };
		849CE37B1CF507D200D9D81E /* SimpleKeypadButton.swift */ = {isa = PBXFileReference; fileEncoding = 4; lastKnownFileType = sourcecode.swift; path = SimpleKeypadButton.swift; sourceTree = "<group>"; };
		84CF32E61D05F23A00C36573 /* CalendarViewController.swift */ = {isa = PBXFileReference; fileEncoding = 4; lastKnownFileType = sourcecode.swift; path = CalendarViewController.swift; sourceTree = "<group>"; };
		84D3AB5B1D062AA4001FB757 /* TimeViewController.swift */ = {isa = PBXFileReference; fileEncoding = 4; lastKnownFileType = sourcecode.swift; path = TimeViewController.swift; sourceTree = "<group>"; };
		84EA0ADF1CF8EA9700AD1748 /* NetworkHandler.swift */ = {isa = PBXFileReference; fileEncoding = 4; lastKnownFileType = sourcecode.swift; path = NetworkHandler.swift; sourceTree = "<group>"; };
		8E2BE606FC3AA1A7B4E3F9AA /* Pods-complicationsapp.release.xcconfig */ = {isa = PBXFileReference; includeInIndex = 1; lastKnownFileType = text.xcconfig; name = "Pods-complicationsapp.release.xcconfig"; path = "Pods/Target Support Files/Pods-complicationsapp/Pods-complicationsapp.release.xcconfig"; sourceTree = "<group>"; };
		AE62DC5BD7C21CBE4C591A03 /* Pods-complicationsappTests.debug.xcconfig */ = {isa = PBXFileReference; includeInIndex = 1; lastKnownFileType = text.xcconfig; name = "Pods-complicationsappTests.debug.xcconfig"; path = "Pods/Target Support Files/Pods-complicationsappTests/Pods-complicationsappTests.debug.xcconfig"; sourceTree = "<group>"; };
		AF47FD61E122979EE09D70E3 /* Pods_complicationsappUITests.framework */ = {isa = PBXFileReference; explicitFileType = wrapper.framework; includeInIndex = 0; path = Pods_complicationsappUITests.framework; sourceTree = BUILT_PRODUCTS_DIR; };
		DA7E50877C1F7870D042A383 /* Pods-complicationsappUITests.release.xcconfig */ = {isa = PBXFileReference; includeInIndex = 1; lastKnownFileType = text.xcconfig; name = "Pods-complicationsappUITests.release.xcconfig"; path = "Pods/Target Support Files/Pods-complicationsappUITests/Pods-complicationsappUITests.release.xcconfig"; sourceTree = "<group>"; };
		F5EC44954B7996040B7F294C /* Pods-complicationsapp.debug.xcconfig */ = {isa = PBXFileReference; includeInIndex = 1; lastKnownFileType = text.xcconfig; name = "Pods-complicationsapp.debug.xcconfig"; path = "Pods/Target Support Files/Pods-complicationsapp/Pods-complicationsapp.debug.xcconfig"; sourceTree = "<group>"; };
		F709D4958E2086DC50D2D6EE /* Pods_complicationsappTests.framework */ = {isa = PBXFileReference; explicitFileType = wrapper.framework; includeInIndex = 0; path = Pods_complicationsappTests.framework; sourceTree = BUILT_PRODUCTS_DIR; };
/* End PBXFileReference section */

/* Begin PBXFrameworksBuildPhase section */
		849CE3451CF4D13300D9D81E /* Frameworks */ = {
			isa = PBXFrameworksBuildPhase;
			buildActionMask = 2147483647;
			files = (
				3ACC211F81851F8D19956052 /* Pods_complicationsapp.framework in Frameworks */,
			);
			runOnlyForDeploymentPostprocessing = 0;
		};
		849CE3591CF4D13300D9D81E /* Frameworks */ = {
			isa = PBXFrameworksBuildPhase;
			buildActionMask = 2147483647;
			files = (
				5D09D62DCD4F64AE041394E0 /* Pods_complicationsappTests.framework in Frameworks */,
			);
			runOnlyForDeploymentPostprocessing = 0;
		};
		849CE3641CF4D13300D9D81E /* Frameworks */ = {
			isa = PBXFrameworksBuildPhase;
			buildActionMask = 2147483647;
			files = (
				AF66706BC4DDE10658D3B4B9 /* Pods_complicationsappUITests.framework in Frameworks */,
			);
			runOnlyForDeploymentPostprocessing = 0;
		};
/* End PBXFrameworksBuildPhase section */

/* Begin PBXGroup section */
		57F04FB2C2E59A90D2F7E9CF /* Pods */ = {
			isa = PBXGroup;
			children = (
				F5EC44954B7996040B7F294C /* Pods-complicationsapp.debug.xcconfig */,
				8E2BE606FC3AA1A7B4E3F9AA /* Pods-complicationsapp.release.xcconfig */,
				AE62DC5BD7C21CBE4C591A03 /* Pods-complicationsappTests.debug.xcconfig */,
				0694AF27A179B89BB043DFB8 /* Pods-complicationsappTests.release.xcconfig */,
				2304AB8EFFB35951025D194B /* Pods-complicationsappUITests.debug.xcconfig */,
				DA7E50877C1F7870D042A383 /* Pods-complicationsappUITests.release.xcconfig */,
			);
			name = Pods;
			sourceTree = "<group>";
		};
		5F07DC18123FD35F20E800BA /* Frameworks */ = {
			isa = PBXGroup;
			children = (
				310EEA4ADDA67BDFE3B8E737 /* Pods_complicationsapp.framework */,
				F709D4958E2086DC50D2D6EE /* Pods_complicationsappTests.framework */,
				AF47FD61E122979EE09D70E3 /* Pods_complicationsappUITests.framework */,
			);
			name = Frameworks;
			sourceTree = "<group>";
		};
		8474D05A1CF6511500374E69 /* Model */ = {
			isa = PBXGroup;
			children = (
				8474D05B1CF6512B00374E69 /* Complications.swift */,
				84EA0ADF1CF8EA9700AD1748 /* NetworkHandler.swift */,
				843371B11CFF7473003E1FBA /* SessionData.swift */,
			);
			name = Model;
			sourceTree = "<group>";
		};
		849CE33F1CF4D13300D9D81E = {
			isa = PBXGroup;
			children = (
				849CE34A1CF4D13300D9D81E /* complicationsapp */,
				849CE35F1CF4D13300D9D81E /* complicationsappTests */,
				849CE36A1CF4D13300D9D81E /* complicationsappUITests */,
				849CE3491CF4D13300D9D81E /* Products */,
				57F04FB2C2E59A90D2F7E9CF /* Pods */,
				5F07DC18123FD35F20E800BA /* Frameworks */,
			);
			sourceTree = "<group>";
		};
		849CE3491CF4D13300D9D81E /* Products */ = {
			isa = PBXGroup;
			children = (
				849CE3481CF4D13300D9D81E /* complicationsapp.app */,
				849CE35C1CF4D13300D9D81E /* complicationsappTests.xctest */,
				849CE3671CF4D13300D9D81E /* complicationsappUITests.xctest */,
			);
			name = Products;
			sourceTree = "<group>";
		};
		849CE34A1CF4D13300D9D81E /* complicationsapp */ = {
			isa = PBXGroup;
			children = (
				8474D0561CF6343A00374E69 /* ComplicationsCollectionViewController.swift */,
				8474D05A1CF6511500374E69 /* Model */,
				849CE34B1CF4D13300D9D81E /* AppDelegate.swift */,
				849CE34D1CF4D13300D9D81E /* MRNViewController.swift */,
				849CE34F1CF4D13300D9D81E /* Main.storyboard */,
				849CE3521CF4D13300D9D81E /* Assets.xcassets */,
				849CE3541CF4D13300D9D81E /* LaunchScreen.storyboard */,
				849CE3571CF4D13300D9D81E /* Info.plist */,
				849CE3791CF5016600D9D81E /* KeypadButton.swift */,
				849CE37B1CF507D200D9D81E /* SimpleKeypadButton.swift */,
				8474D0581CF636F400374E69 /* ComplicationsCollectionViewCell.swift */,
				843371B31CFF8D76003E1FBA /* ComplicationHistoryCollectionViewController.swift */,
				843371B71CFFABF1003E1FBA /* ComplicationHistoryCollectionViewCell.swift */,
				84CF32E61D05F23A00C36573 /* CalendarViewController.swift */,
				84D3AB5B1D062AA4001FB757 /* TimeViewController.swift */,
			);
			path = complicationsapp;
			sourceTree = "<group>";
		};
		849CE35F1CF4D13300D9D81E /* complicationsappTests */ = {
			isa = PBXGroup;
			children = (
				849CE3601CF4D13300D9D81E /* complicationsappTests.swift */,
				849CE3621CF4D13300D9D81E /* Info.plist */,
			);
			path = complicationsappTests;
			sourceTree = "<group>";
		};
		849CE36A1CF4D13300D9D81E /* complicationsappUITests */ = {
			isa = PBXGroup;
			children = (
				849CE36B1CF4D13300D9D81E /* complicationsappUITests.swift */,
				849CE36D1CF4D13300D9D81E /* Info.plist */,
			);
			path = complicationsappUITests;
			sourceTree = "<group>";
		};
/* End PBXGroup section */

/* Begin PBXNativeTarget section */
		849CE3471CF4D13300D9D81E /* complicationsapp */ = {
			isa = PBXNativeTarget;
			buildConfigurationList = 849CE3701CF4D13300D9D81E /* Build configuration list for PBXNativeTarget "complicationsapp" */;
			buildPhases = (
				268BCD4FC6F9D1CF40EEE6A9 /* [CP] Check Pods Manifest.lock */,
				849CE3441CF4D13300D9D81E /* Sources */,
				849CE3451CF4D13300D9D81E /* Frameworks */,
				849CE3461CF4D13300D9D81E /* Resources */,
				7AD5DA2CD15F582BD99598D8 /* [CP] Embed Pods Frameworks */,
				4A2B36BC074F080A81385B4F /* [CP] Copy Pods Resources */,
			);
			buildRules = (
			);
			dependencies = (
			);
			name = complicationsapp;
			productName = complicationsapp;
			productReference = 849CE3481CF4D13300D9D81E /* complicationsapp.app */;
			productType = "com.apple.product-type.application";
		};
		849CE35B1CF4D13300D9D81E /* complicationsappTests */ = {
			isa = PBXNativeTarget;
			buildConfigurationList = 849CE3731CF4D13300D9D81E /* Build configuration list for PBXNativeTarget "complicationsappTests" */;
			buildPhases = (
				9E47DA1C531F3638EEC321D3 /* [CP] Check Pods Manifest.lock */,
				849CE3581CF4D13300D9D81E /* Sources */,
				849CE3591CF4D13300D9D81E /* Frameworks */,
				849CE35A1CF4D13300D9D81E /* Resources */,
				5079EC01F48ABEF4C41270B6 /* [CP] Embed Pods Frameworks */,
				D30309657E98DFB50CBFFEAC /* [CP] Copy Pods Resources */,
			);
			buildRules = (
			);
			dependencies = (
				849CE35E1CF4D13300D9D81E /* PBXTargetDependency */,
			);
			name = complicationsappTests;
			productName = complicationsappTests;
			productReference = 849CE35C1CF4D13300D9D81E /* complicationsappTests.xctest */;
			productType = "com.apple.product-type.bundle.unit-test";
		};
		849CE3661CF4D13300D9D81E /* complicationsappUITests */ = {
			isa = PBXNativeTarget;
			buildConfigurationList = 849CE3761CF4D13300D9D81E /* Build configuration list for PBXNativeTarget "complicationsappUITests" */;
			buildPhases = (
				4AEF1AFAD7731D2A5E889B7C /* [CP] Check Pods Manifest.lock */,
				849CE3631CF4D13300D9D81E /* Sources */,
				849CE3641CF4D13300D9D81E /* Frameworks */,
				849CE3651CF4D13300D9D81E /* Resources */,
				E94E6679EA45DB0A2B948435 /* [CP] Copy Pods Resources */,
			);
			buildRules = (
			);
			dependencies = (
				849CE3691CF4D13300D9D81E /* PBXTargetDependency */,
			);
			name = complicationsappUITests;
			productName = complicationsappUITests;
			productReference = 849CE3671CF4D13300D9D81E /* complicationsappUITests.xctest */;
			productType = "com.apple.product-type.bundle.ui-testing";
		};
/* End PBXNativeTarget section */

/* Begin PBXProject section */
		849CE3401CF4D13300D9D81E /* Project object */ = {
			isa = PBXProject;
			attributes = {
				LastSwiftUpdateCheck = 0730;
				LastUpgradeCheck = 0730;
				ORGANIZATIONNAME = cvicu;
				TargetAttributes = {
					849CE3471CF4D13300D9D81E = {
						CreatedOnToolsVersion = 7.3.1;
						DevelopmentTeam = RQEYL5BYDC;
					};
					849CE35B1CF4D13300D9D81E = {
						CreatedOnToolsVersion = 7.3.1;
						TestTargetID = 849CE3471CF4D13300D9D81E;
					};
					849CE3661CF4D13300D9D81E = {
						CreatedOnToolsVersion = 7.3.1;
						TestTargetID = 849CE3471CF4D13300D9D81E;
					};
				};
			};
			buildConfigurationList = 849CE3431CF4D13300D9D81E /* Build configuration list for PBXProject "complicationsapp" */;
			compatibilityVersion = "Xcode 3.2";
			developmentRegion = English;
			hasScannedForEncodings = 0;
			knownRegions = (
				en,
				Base,
			);
			mainGroup = 849CE33F1CF4D13300D9D81E;
			productRefGroup = 849CE3491CF4D13300D9D81E /* Products */;
			projectDirPath = "";
			projectRoot = "";
			targets = (
				849CE3471CF4D13300D9D81E /* complicationsapp */,
				849CE35B1CF4D13300D9D81E /* complicationsappTests */,
				849CE3661CF4D13300D9D81E /* complicationsappUITests */,
			);
		};
/* End PBXProject section */

/* Begin PBXResourcesBuildPhase section */
		849CE3461CF4D13300D9D81E /* Resources */ = {
			isa = PBXResourcesBuildPhase;
			buildActionMask = 2147483647;
			files = (
				849CE3561CF4D13300D9D81E /* LaunchScreen.storyboard in Resources */,
				849CE3531CF4D13300D9D81E /* Assets.xcassets in Resources */,
				849CE3511CF4D13300D9D81E /* Main.storyboard in Resources */,
			);
			runOnlyForDeploymentPostprocessing = 0;
		};
		849CE35A1CF4D13300D9D81E /* Resources */ = {
			isa = PBXResourcesBuildPhase;
			buildActionMask = 2147483647;
			files = (
			);
			runOnlyForDeploymentPostprocessing = 0;
		};
		849CE3651CF4D13300D9D81E /* Resources */ = {
			isa = PBXResourcesBuildPhase;
			buildActionMask = 2147483647;
			files = (
			);
			runOnlyForDeploymentPostprocessing = 0;
		};
/* End PBXResourcesBuildPhase section */

/* Begin PBXShellScriptBuildPhase section */
		268BCD4FC6F9D1CF40EEE6A9 /* [CP] Check Pods Manifest.lock */ = {
			isa = PBXShellScriptBuildPhase;
			buildActionMask = 2147483647;
			files = (
			);
			inputPaths = (
			);
			name = "[CP] Check Pods Manifest.lock";
			outputPaths = (
			);
			runOnlyForDeploymentPostprocessing = 0;
			shellPath = /bin/sh;
			shellScript = "diff \"${PODS_ROOT}/../Podfile.lock\" \"${PODS_ROOT}/Manifest.lock\" > /dev/null\nif [[ $? != 0 ]] ; then\n    cat << EOM\nerror: The sandbox is not in sync with the Podfile.lock. Run 'pod install' or update your CocoaPods installation.\nEOM\n    exit 1\nfi\n";
			showEnvVarsInLog = 0;
		};
		4A2B36BC074F080A81385B4F /* [CP] Copy Pods Resources */ = {
			isa = PBXShellScriptBuildPhase;
			buildActionMask = 2147483647;
			files = (
			);
			inputPaths = (
			);
			name = "[CP] Copy Pods Resources";
			outputPaths = (
			);
			runOnlyForDeploymentPostprocessing = 0;
			shellPath = /bin/sh;
			shellScript = "\"${SRCROOT}/Pods/Target Support Files/Pods-complicationsapp/Pods-complicationsapp-resources.sh\"\n";
			showEnvVarsInLog = 0;
		};
		4AEF1AFAD7731D2A5E889B7C /* [CP] Check Pods Manifest.lock */ = {
			isa = PBXShellScriptBuildPhase;
			buildActionMask = 2147483647;
			files = (
			);
			inputPaths = (
			);
			name = "[CP] Check Pods Manifest.lock";
			outputPaths = (
			);
			runOnlyForDeploymentPostprocessing = 0;
			shellPath = /bin/sh;
			shellScript = "diff \"${PODS_ROOT}/../Podfile.lock\" \"${PODS_ROOT}/Manifest.lock\" > /dev/null\nif [[ $? != 0 ]] ; then\n    cat << EOM\nerror: The sandbox is not in sync with the Podfile.lock. Run 'pod install' or update your CocoaPods installation.\nEOM\n    exit 1\nfi\n";
			showEnvVarsInLog = 0;
		};
		5079EC01F48ABEF4C41270B6 /* [CP] Embed Pods Frameworks */ = {
			isa = PBXShellScriptBuildPhase;
			buildActionMask = 2147483647;
			files = (
			);
			inputPaths = (
			);
			name = "[CP] Embed Pods Frameworks";
			outputPaths = (
			);
			runOnlyForDeploymentPostprocessing = 0;
			shellPath = /bin/sh;
			shellScript = "\"${SRCROOT}/Pods/Target Support Files/Pods-complicationsappTests/Pods-complicationsappTests-frameworks.sh\"\n";
			showEnvVarsInLog = 0;
		};
		7AD5DA2CD15F582BD99598D8 /* [CP] Embed Pods Frameworks */ = {
			isa = PBXShellScriptBuildPhase;
			buildActionMask = 2147483647;
			files = (
			);
			inputPaths = (
			);
			name = "[CP] Embed Pods Frameworks";
			outputPaths = (
			);
			runOnlyForDeploymentPostprocessing = 0;
			shellPath = /bin/sh;
			shellScript = "\"${SRCROOT}/Pods/Target Support Files/Pods-complicationsapp/Pods-complicationsapp-frameworks.sh\"\n";
			showEnvVarsInLog = 0;
		};
		9E47DA1C531F3638EEC321D3 /* [CP] Check Pods Manifest.lock */ = {
			isa = PBXShellScriptBuildPhase;
			buildActionMask = 2147483647;
			files = (
			);
			inputPaths = (
			);
			name = "[CP] Check Pods Manifest.lock";
			outputPaths = (
			);
			runOnlyForDeploymentPostprocessing = 0;
			shellPath = /bin/sh;
			shellScript = "diff \"${PODS_ROOT}/../Podfile.lock\" \"${PODS_ROOT}/Manifest.lock\" > /dev/null\nif [[ $? != 0 ]] ; then\n    cat << EOM\nerror: The sandbox is not in sync with the Podfile.lock. Run 'pod install' or update your CocoaPods installation.\nEOM\n    exit 1\nfi\n";
			showEnvVarsInLog = 0;
		};
		D30309657E98DFB50CBFFEAC /* [CP] Copy Pods Resources */ = {
			isa = PBXShellScriptBuildPhase;
			buildActionMask = 2147483647;
			files = (
			);
			inputPaths = (
			);
			name = "[CP] Copy Pods Resources";
			outputPaths = (
			);
			runOnlyForDeploymentPostprocessing = 0;
			shellPath = /bin/sh;
			shellScript = "\"${SRCROOT}/Pods/Target Support Files/Pods-complicationsappTests/Pods-complicationsappTests-resources.sh\"\n";
			showEnvVarsInLog = 0;
		};
		E94E6679EA45DB0A2B948435 /* [CP] Copy Pods Resources */ = {
			isa = PBXShellScriptBuildPhase;
			buildActionMask = 2147483647;
			files = (
			);
			inputPaths = (
			);
			name = "[CP] Copy Pods Resources";
			outputPaths = (
			);
			runOnlyForDeploymentPostprocessing = 0;
			shellPath = /bin/sh;
			shellScript = "\"${SRCROOT}/Pods/Target Support Files/Pods-complicationsappUITests/Pods-complicationsappUITests-resources.sh\"\n";
			showEnvVarsInLog = 0;
		};
/* End PBXShellScriptBuildPhase section */

/* Begin PBXSourcesBuildPhase section */
		849CE3441CF4D13300D9D81E /* Sources */ = {
			isa = PBXSourcesBuildPhase;
			buildActionMask = 2147483647;
			files = (
				84CF32E71D05F23A00C36573 /* CalendarViewController.swift in Sources */,
				849CE34E1CF4D13300D9D81E /* MRNViewController.swift in Sources */,
				843371B21CFF7473003E1FBA /* SessionData.swift in Sources */,
				8474D0591CF636F400374E69 /* ComplicationsCollectionViewCell.swift in Sources */,
				843371B41CFF8D76003E1FBA /* ComplicationHistoryCollectionViewController.swift in Sources */,
				849CE37A1CF5016600D9D81E /* KeypadButton.swift in Sources */,
				849CE34C1CF4D13300D9D81E /* AppDelegate.swift in Sources */,
				8474D05C1CF6512B00374E69 /* Complications.swift in Sources */,
				849CE37C1CF507D200D9D81E /* SimpleKeypadButton.swift in Sources */,
				84EA0ADC1CF79EE400AD1748 /* ComplicationsCollectionViewController.swift in Sources */,
				84D3AB5C1D062AA4001FB757 /* TimeViewController.swift in Sources */,
				843371B81CFFABF1003E1FBA /* ComplicationHistoryCollectionViewCell.swift in Sources */,
				84EA0AE01CF8EA9700AD1748 /* NetworkHandler.swift in Sources */,
			);
			runOnlyForDeploymentPostprocessing = 0;
		};
		849CE3581CF4D13300D9D81E /* Sources */ = {
			isa = PBXSourcesBuildPhase;
			buildActionMask = 2147483647;
			files = (
				849CE3611CF4D13300D9D81E /* complicationsappTests.swift in Sources */,
			);
			runOnlyForDeploymentPostprocessing = 0;
		};
		849CE3631CF4D13300D9D81E /* Sources */ = {
			isa = PBXSourcesBuildPhase;
			buildActionMask = 2147483647;
			files = (
				849CE36C1CF4D13300D9D81E /* complicationsappUITests.swift in Sources */,
			);
			runOnlyForDeploymentPostprocessing = 0;
		};
/* End PBXSourcesBuildPhase section */

/* Begin PBXTargetDependency section */
		849CE35E1CF4D13300D9D81E /* PBXTargetDependency */ = {
			isa = PBXTargetDependency;
			target = 849CE3471CF4D13300D9D81E /* complicationsapp */;
			targetProxy = 849CE35D1CF4D13300D9D81E /* PBXContainerItemProxy */;
		};
		849CE3691CF4D13300D9D81E /* PBXTargetDependency */ = {
			isa = PBXTargetDependency;
			target = 849CE3471CF4D13300D9D81E /* complicationsapp */;
			targetProxy = 849CE3681CF4D13300D9D81E /* PBXContainerItemProxy */;
		};
/* End PBXTargetDependency section */

/* Begin PBXVariantGroup section */
		849CE34F1CF4D13300D9D81E /* Main.storyboard */ = {
			isa = PBXVariantGroup;
			children = (
				849CE3501CF4D13300D9D81E /* Base */,
			);
			name = Main.storyboard;
			sourceTree = "<group>";
		};
		849CE3541CF4D13300D9D81E /* LaunchScreen.storyboard */ = {
			isa = PBXVariantGroup;
			children = (
				849CE3551CF4D13300D9D81E /* Base */,
			);
			name = LaunchScreen.storyboard;
			sourceTree = "<group>";
		};
/* End PBXVariantGroup section */

/* Begin XCBuildConfiguration section */
		849CE36E1CF4D13300D9D81E /* Debug */ = {
			isa = XCBuildConfiguration;
			buildSettings = {
				ALWAYS_SEARCH_USER_PATHS = NO;
				CLANG_ANALYZER_NONNULL = YES;
				CLANG_CXX_LANGUAGE_STANDARD = "gnu++0x";
				CLANG_CXX_LIBRARY = "libc++";
				CLANG_ENABLE_MODULES = YES;
				CLANG_ENABLE_OBJC_ARC = YES;
				CLANG_WARN_BOOL_CONVERSION = YES;
				CLANG_WARN_CONSTANT_CONVERSION = YES;
				CLANG_WARN_DIRECT_OBJC_ISA_USAGE = YES_ERROR;
				CLANG_WARN_EMPTY_BODY = YES;
				CLANG_WARN_ENUM_CONVERSION = YES;
				CLANG_WARN_INT_CONVERSION = YES;
				CLANG_WARN_OBJC_ROOT_CLASS = YES_ERROR;
				CLANG_WARN_UNREACHABLE_CODE = YES;
				CLANG_WARN__DUPLICATE_METHOD_MATCH = YES;
				"CODE_SIGN_IDENTITY[sdk=iphoneos*]" = "iPhone Developer";
				COPY_PHASE_STRIP = NO;
				DEBUG_INFORMATION_FORMAT = dwarf;
				ENABLE_STRICT_OBJC_MSGSEND = YES;
				ENABLE_TESTABILITY = YES;
				GCC_C_LANGUAGE_STANDARD = gnu99;
				GCC_DYNAMIC_NO_PIC = NO;
				GCC_NO_COMMON_BLOCKS = YES;
				GCC_OPTIMIZATION_LEVEL = 0;
				GCC_PREPROCESSOR_DEFINITIONS = (
					"DEBUG=1",
					"$(inherited)",
				);
				GCC_WARN_64_TO_32_BIT_CONVERSION = YES;
				GCC_WARN_ABOUT_RETURN_TYPE = YES_ERROR;
				GCC_WARN_UNDECLARED_SELECTOR = YES;
				GCC_WARN_UNINITIALIZED_AUTOS = YES_AGGRESSIVE;
				GCC_WARN_UNUSED_FUNCTION = YES;
				GCC_WARN_UNUSED_VARIABLE = YES;
				IPHONEOS_DEPLOYMENT_TARGET = 9.3;
				MTL_ENABLE_DEBUG_INFO = YES;
				ONLY_ACTIVE_ARCH = YES;
				SDKROOT = iphoneos;
				SWIFT_OPTIMIZATION_LEVEL = "-Onone";
				TARGETED_DEVICE_FAMILY = "1,2";
			};
			name = Debug;
		};
		849CE36F1CF4D13300D9D81E /* Release */ = {
			isa = XCBuildConfiguration;
			buildSettings = {
				ALWAYS_SEARCH_USER_PATHS = NO;
				CLANG_ANALYZER_NONNULL = YES;
				CLANG_CXX_LANGUAGE_STANDARD = "gnu++0x";
				CLANG_CXX_LIBRARY = "libc++";
				CLANG_ENABLE_MODULES = YES;
				CLANG_ENABLE_OBJC_ARC = YES;
				CLANG_WARN_BOOL_CONVERSION = YES;
				CLANG_WARN_CONSTANT_CONVERSION = YES;
				CLANG_WARN_DIRECT_OBJC_ISA_USAGE = YES_ERROR;
				CLANG_WARN_EMPTY_BODY = YES;
				CLANG_WARN_ENUM_CONVERSION = YES;
				CLANG_WARN_INT_CONVERSION = YES;
				CLANG_WARN_OBJC_ROOT_CLASS = YES_ERROR;
				CLANG_WARN_UNREACHABLE_CODE = YES;
				CLANG_WARN__DUPLICATE_METHOD_MATCH = YES;
				"CODE_SIGN_IDENTITY[sdk=iphoneos*]" = "iPhone Developer";
				COPY_PHASE_STRIP = NO;
				DEBUG_INFORMATION_FORMAT = "dwarf-with-dsym";
				ENABLE_NS_ASSERTIONS = NO;
				ENABLE_STRICT_OBJC_MSGSEND = YES;
				GCC_C_LANGUAGE_STANDARD = gnu99;
				GCC_NO_COMMON_BLOCKS = YES;
				GCC_WARN_64_TO_32_BIT_CONVERSION = YES;
				GCC_WARN_ABOUT_RETURN_TYPE = YES_ERROR;
				GCC_WARN_UNDECLARED_SELECTOR = YES;
				GCC_WARN_UNINITIALIZED_AUTOS = YES_AGGRESSIVE;
				GCC_WARN_UNUSED_FUNCTION = YES;
				GCC_WARN_UNUSED_VARIABLE = YES;
				IPHONEOS_DEPLOYMENT_TARGET = 9.3;
				MTL_ENABLE_DEBUG_INFO = NO;
				SDKROOT = iphoneos;
				TARGETED_DEVICE_FAMILY = "1,2";
				VALIDATE_PRODUCT = YES;
			};
			name = Release;
		};
		849CE3711CF4D13300D9D81E /* Debug */ = {
			isa = XCBuildConfiguration;
			baseConfigurationReference = F5EC44954B7996040B7F294C /* Pods-complicationsapp.debug.xcconfig */;
			buildSettings = {
				ASSETCATALOG_COMPILER_APPICON_NAME = AppIcon;
				CODE_SIGN_IDENTITY = "iPhone Developer";
				"CODE_SIGN_IDENTITY[sdk=iphoneos*]" = "iPhone Developer";
				INFOPLIST_FILE = complicationsapp/Info.plist;
				LD_RUNPATH_SEARCH_PATHS = "$(inherited) @executable_path/Frameworks";
				PRODUCT_BUNDLE_IDENTIFIER = com.cvicu.complicationsapp;
				PRODUCT_NAME = "$(TARGET_NAME)";
				PROVISIONING_PROFILE = "";
			};
			name = Debug;
		};
		849CE3721CF4D13300D9D81E /* Release */ = {
			isa = XCBuildConfiguration;
			baseConfigurationReference = 8E2BE606FC3AA1A7B4E3F9AA /* Pods-complicationsapp.release.xcconfig */;
			buildSettings = {
				ASSETCATALOG_COMPILER_APPICON_NAME = AppIcon;
				CODE_SIGN_IDENTITY = "iPhone Developer";
				"CODE_SIGN_IDENTITY[sdk=iphoneos*]" = "iPhone Developer";
				INFOPLIST_FILE = complicationsapp/Info.plist;
				LD_RUNPATH_SEARCH_PATHS = "$(inherited) @executable_path/Frameworks";
				PRODUCT_BUNDLE_IDENTIFIER = com.cvicu.complicationsapp;
				PRODUCT_NAME = "$(TARGET_NAME)";
				PROVISIONING_PROFILE = "";
			};
			name = Release;
		};
		849CE3741CF4D13300D9D81E /* Debug */ = {
			isa = XCBuildConfiguration;
			baseConfigurationReference = AE62DC5BD7C21CBE4C591A03 /* Pods-complicationsappTests.debug.xcconfig */;
			buildSettings = {
				BUNDLE_LOADER = "$(TEST_HOST)";
				INFOPLIST_FILE = complicationsappTests/Info.plist;
				LD_RUNPATH_SEARCH_PATHS = "$(inherited) @executable_path/Frameworks @loader_path/Frameworks";
				PRODUCT_BUNDLE_IDENTIFIER = com.cvicu.complicationsappTests;
				PRODUCT_NAME = "$(TARGET_NAME)";
				TEST_HOST = "$(BUILT_PRODUCTS_DIR)/complicationsapp.app/complicationsapp";
			};
			name = Debug;
		};
		849CE3751CF4D13300D9D81E /* Release */ = {
			isa = XCBuildConfiguration;
			baseConfigurationReference = 0694AF27A179B89BB043DFB8 /* Pods-complicationsappTests.release.xcconfig */;
			buildSettings = {
				BUNDLE_LOADER = "$(TEST_HOST)";
				INFOPLIST_FILE = complicationsappTests/Info.plist;
				LD_RUNPATH_SEARCH_PATHS = "$(inherited) @executable_path/Frameworks @loader_path/Frameworks";
				PRODUCT_BUNDLE_IDENTIFIER = com.cvicu.complicationsappTests;
				PRODUCT_NAME = "$(TARGET_NAME)";
				TEST_HOST = "$(BUILT_PRODUCTS_DIR)/complicationsapp.app/complicationsapp";
			};
			name = Release;
		};
		849CE3771CF4D13300D9D81E /* Debug */ = {
			isa = XCBuildConfiguration;
			baseConfigurationReference = 2304AB8EFFB35951025D194B /* Pods-complicationsappUITests.debug.xcconfig */;
			buildSettings = {
				INFOPLIST_FILE = complicationsappUITests/Info.plist;
				LD_RUNPATH_SEARCH_PATHS = "$(inherited) @executable_path/Frameworks @loader_path/Frameworks";
				PRODUCT_BUNDLE_IDENTIFIER = com.cvicu.complicationsappUITests;
				PRODUCT_NAME = "$(TARGET_NAME)";
				TEST_TARGET_NAME = complicationsapp;
			};
			name = Debug;
		};
		849CE3781CF4D13300D9D81E /* Release */ = {
			isa = XCBuildConfiguration;
			baseConfigurationReference = DA7E50877C1F7870D042A383 /* Pods-complicationsappUITests.release.xcconfig */;
			buildSettings = {
				INFOPLIST_FILE = complicationsappUITests/Info.plist;
				LD_RUNPATH_SEARCH_PATHS = "$(inherited) @executable_path/Frameworks @loader_path/Frameworks";
				PRODUCT_BUNDLE_IDENTIFIER = com.cvicu.complicationsappUITests;
				PRODUCT_NAME = "$(TARGET_NAME)";
				TEST_TARGET_NAME = complicationsapp;
			};
			name = Release;
		};
/* End XCBuildConfiguration section */

/* Begin XCConfigurationList section */
		849CE3431CF4D13300D9D81E /* Build configuration list for PBXProject "complicationsapp" */ = {
			isa = XCConfigurationList;
			buildConfigurations = (
				849CE36E1CF4D13300D9D81E /* Debug */,
				849CE36F1CF4D13300D9D81E /* Release */,
			);
			defaultConfigurationIsVisible = 0;
			defaultConfigurationName = Release;
		};
		849CE3701CF4D13300D9D81E /* Build configuration list for PBXNativeTarget "complicationsapp" */ = {
			isa = XCConfigurationList;
			buildConfigurations = (
				849CE3711CF4D13300D9D81E /* Debug */,
				849CE3721CF4D13300D9D81E /* Release */,
			);
			defaultConfigurationIsVisible = 0;
			defaultConfigurationName = Release;
		};
		849CE3731CF4D13300D9D81E /* Build configuration list for PBXNativeTarget "complicationsappTests" */ = {
			isa = XCConfigurationList;
			buildConfigurations = (
				849CE3741CF4D13300D9D81E /* Debug */,
				849CE3751CF4D13300D9D81E /* Release */,
			);
			defaultConfigurationIsVisible = 0;
			defaultConfigurationName = Release;
		};
		849CE3761CF4D13300D9D81E /* Build configuration list for PBXNativeTarget "complicationsappUITests" */ = {
			isa = XCConfigurationList;
			buildConfigurations = (
				849CE3771CF4D13300D9D81E /* Debug */,
				849CE3781CF4D13300D9D81E /* Release */,
			);
			defaultConfigurationIsVisible = 0;
			defaultConfigurationName = Release;
		};
/* End XCConfigurationList section */
	};
	rootObject = 849CE3401CF4D13300D9D81E /* Project object */;
}
